
Microsoft Visual Studio Solution File, Format Version 12.00
# Visual Studio Version 17
VisualStudioVersion = 17.6.33815.320
MinimumVisualStudioVersion = 10.0.40219.1
Project("{FAE04EC0-301F-11D3-BF4B-00C04F79EFBC}") = "List document sheet", "List document sheet\List document sheet.csproj", "{9C522B3D-711C-4792-BF5B-A6D7F9061B1F}"
EndProject
Global
	GlobalSection(SolutionConfigurationPlatforms) = preSolution
		Debug|Any CPU = Debug|Any CPU
		Release|Any CPU = Release|Any CPU
	EndGlobalSection
	GlobalSection(ProjectConfigurationPlatforms) = postSolution
		{9C522B3D-711C-4792-BF5B-A6D7F9061B1F}.Debug|Any CPU.ActiveCfg = Debug|Any CPU
		{9C522B3D-711C-4792-BF5B-A6D7F9061B1F}.Debug|Any CPU.Build.0 = Debug|Any CPU
		{9C522B3D-711C-4792-BF5B-A6D7F9061B1F}.Release|Any CPU.ActiveCfg = Release|Any CPU
		{9C522B3D-711C-4792-BF5B-A6D7F9061B1F}.Release|Any CPU.Build.0 = Release|Any CPU
	EndGlobalSection
	GlobalSection(SolutionProperties) = preSolution
		HideSolutionNode = FALSE
	EndGlobalSection
	GlobalSection(ExtensibilityGlobals) = postSolution
		SolutionGuid = {08CFA84A-AB20-421C-95D8-69ADC396136A}
	EndGlobalSection
EndGlobal
